
Microsoft Visual Studio Solution File, Format Version 12.00
# Visual Studio Version 17
VisualStudioVersion = 17.4.33213.308
MinimumVisualStudioVersion = 10.0.40219.1
Project("{FAE04EC0-301F-11D3-BF4B-00C04F79EFBC}") = "LINQ_Bootcamp", "LINQ_Bootcamp.csproj", "{C937D0F3-51A7-427C-B0D1-B5BF1078B4D6}"
EndProject
Global
	GlobalSection(SolutionConfigurationPlatforms) = preSolution
		Debug|Any CPU = Debug|Any CPU
		Release|Any CPU = Release|Any CPU
	EndGlobalSection
	GlobalSection(ProjectConfigurationPlatforms) = postSolution
		{C937D0F3-51A7-427C-B0D1-B5BF1078B4D6}.Debug|Any CPU.ActiveCfg = Debug|Any CPU
		{C937D0F3-51A7-427C-B0D1-B5BF1078B4D6}.Debug|Any CPU.Build.0 = Debug|Any CPU
		{C937D0F3-51A7-427C-B0D1-B5BF1078B4D6}.Release|Any CPU.ActiveCfg = Release|Any CPU
		{C937D0F3-51A7-427C-B0D1-B5BF1078B4D6}.Release|Any CPU.Build.0 = Release|Any CPU
	EndGlobalSection
	GlobalSection(SolutionProperties) = preSolution
		HideSolutionNode = FALSE
	EndGlobalSection
	GlobalSection(ExtensibilityGlobals) = postSolution
		SolutionGuid = {C0A982D7-925D-4C4A-BC72-E45BE24772AB}
	EndGlobalSection
EndGlobal
